{
  "version": 4,
  "terraform_version": "1.3.6",
  "serial": 63,
  "lineage": "6154c3b7-6d1e-b0f2-b008-f96218b1b8c3",
  "outputs": {},
  "resources": [
    {
      "mode": "data",
      "type": "google_service_account_access_token",
      "name": "default",
      "provider": "provider[\"registry.terraform.io/hashicorp/google\"]",
      "instances": [
        {
          "schema_version": 0,
          "attributes": {
            "access_token": "ya29.c.b0Aa9Vdyn3L9CAEfR6a523JJ17aVTiKnnGP7Ol4QansAGOyYj3jkJipI19a9cHDKzdCYwd1rDegYyajLt2izhIjzcci9b19gvLhgjMChWIU0YeeEJlNz9I_R5tNSO8CZP09WTSPpgkiJtu_QjYlu6B86BWf0b9QJcMEQx9WP5Rqtm6CgwkX-2Jqrl3DhAp3NB4_NtQptVkgSS16XfP-br88sCFyH9IoKQbenyGYfV65TcHmMbotrGH43A4nuKBCfczi3cbMKqqLDvfQxDhOLDeIaV2RKzi4NpbExMkQndHnRSMX69VPvnFdI2wr1gBSBEjQjmK4hbXSEGll-6VEn2OulqTNlZ7oSp32_C71lI8bG6NFCtYvlwneWHR-6pA7mtNX0W2V1vyTUeZgdooeqIA-XDcT7IQA13hXzu5nRwo2jCZRVRJvkNnoCb60JtPBgdZpLQ2VGmEXG14hHq7dhe7lwvSOhhw2JKkczKQ_L1pyD1hl0Gh3O0....................................................................................................................................................................................................................................................................................................................................................................................................................................................................................................................................",
            "delegates": null,
            "id": "projects/-/serviceAccounts/tf-serviceaccount@stately-diagram-370913.iam.gserviceaccount.com",
            "lifetime": "300s",
            "scopes": [
              "cloud-platform",
              "userinfo-email"
            ],
            "target_service_account": "tf-serviceaccount@stately-diagram-370913.iam.gserviceaccount.com"
          },
          "sensitive_attributes": []
        }
      ]
    },
    {
      "module": "module.cloud_run",
      "mode": "managed",
      "type": "google_cloud_run_service",
      "name": "aviatar-euw3-sensor-service-01",
      "provider": "provider[\"registry.terraform.io/hashicorp/google\"]",
      "instances": [
        {
          "schema_version": 1,
          "attributes": {
            "autogenerate_revision_name": false,
            "id": "locations/europe-west3/namespaces/stately-diagram-370913/services/aviatar-euw3-sensor-service-01-test",
            "location": "europe-west3",
            "metadata": [
              {
                "annotations": {
                  "run.googleapis.com/ingress": "all",
                  "run.googleapis.com/ingress-status": "all",
                  "serving.knative.dev/creator": "mehmet@ugurgural.com",
                  "serving.knative.dev/lastModifier": "mehmet@ugurgural.com"
                },
                "generation": 1,
                "labels": {
                  "cloud.googleapis.com/location": "europe-west3"
                },
                "namespace": "stately-diagram-370913",
                "resource_version": "AAXvpyHASuk",
                "self_link": "/apis/serving.knative.dev/v1/namespaces/673792121939/services/aviatar-euw3-sensor-service-01-test",
                "uid": "4eb0dc57-2d0a-495f-b653-b5d4e40272e5"
              }
            ],
            "name": "aviatar-euw3-sensor-service-01-test",
            "project": "stately-diagram-370913",
            "status": [
              {
                "conditions": [
                  {
                    "message": "",
                    "reason": "",
                    "status": "True",
                    "type": "Ready"
                  },
                  {
                    "message": "",
                    "reason": "",
                    "status": "True",
                    "type": "ConfigurationsReady"
                  },
                  {
                    "message": "",
                    "reason": "",
                    "status": "True",
                    "type": "RoutesReady"
                  }
                ],
                "latest_created_revision_name": "aviatar-euw3-sensor-service-01-test-9vphp",
                "latest_ready_revision_name": "aviatar-euw3-sensor-service-01-test-9vphp",
                "observed_generation": 1,
                "url": "https://aviatar-euw3-sensor-service-01-test-zizwmyftbq-ey.a.run.app"
              }
            ],
            "template": [
              {
                "metadata": [
                  {
                    "annotations": {
                      "autoscaling.knative.dev/maxScale": "100"
                    },
                    "generation": 0,
                    "labels": {},
                    "name": "",
                    "namespace": "",
                    "resource_version": "",
                    "self_link": "",
                    "uid": ""
                  }
                ],
                "spec": [
                  {
                    "container_concurrency": 80,
                    "containers": [
                      {
                        "args": [],
                        "command": [],
                        "env": [
                          {
                            "name": "SENSOR_ID",
                            "value": "sensor-1",
                            "value_from": []
                          },
                          {
                            "name": "TOPIC_PATH",
                            "value": "projects/stately-diagram-370913/topics/sensor-data",
                            "value_from": []
                          }
                        ],
                        "env_from": [],
                        "image": "europe-west3-docker.pkg.dev/stately-diagram-370913/aviatar-euw3-ar-images/sensor-service:latest",
                        "ports": [
                          {
                            "container_port": 8080,
                            "name": "http1",
                            "protocol": ""
                          }
                        ],
                        "resources": [
                          {
                            "limits": {
                              "cpu": "1000m",
                              "memory": "512Mi"
                            },
                            "requests": {}
                          }
                        ],
                        "volume_mounts": [],
                        "working_dir": ""
                      }
                    ],
                    "service_account_name": "tf-serviceaccount@stately-diagram-370913.iam.gserviceaccount.com",
                    "serving_state": "",
                    "timeout_seconds": 300,
                    "volumes": []
                  }
                ]
              }
            ],
            "timeouts": null,
            "traffic": [
              {
                "latest_revision": true,
                "percent": 100,
                "revision_name": "",
                "tag": "",
                "url": ""
              }
            ]
          },
          "sensitive_attributes": [],
          "private": "eyJlMmJmYjczMC1lY2FhLTExZTYtOGY4OC0zNDM2M2JjN2M0YzAiOnsiY3JlYXRlIjoxMjAwMDAwMDAwMDAwLCJkZWxldGUiOjEyMDAwMDAwMDAwMDAsInVwZGF0ZSI6MTIwMDAwMDAwMDAwMH0sInNjaGVtYV92ZXJzaW9uIjoiMSJ9"
        }
      ]
    },
    {
      "module": "module.cloud_run",
      "mode": "managed",
      "type": "google_cloud_run_service",
      "name": "aviatar-euw3-sensor-service-02",
      "provider": "provider[\"registry.terraform.io/hashicorp/google\"]",
      "instances": [
        {
          "schema_version": 1,
          "attributes": {
            "autogenerate_revision_name": false,
            "id": "locations/europe-west3/namespaces/stately-diagram-370913/services/aviatar-euw3-sensor-service-02-test",
            "location": "europe-west3",
            "metadata": [
              {
                "annotations": {
                  "run.googleapis.com/ingress": "all",
                  "run.googleapis.com/ingress-status": "all",
                  "serving.knative.dev/creator": "mehmet@ugurgural.com",
                  "serving.knative.dev/lastModifier": "mehmet@ugurgural.com"
                },
                "generation": 1,
                "labels": {
                  "cloud.googleapis.com/location": "europe-west3"
                },
                "namespace": "stately-diagram-370913",
                "resource_version": "AAXvpyHBF2I",
                "self_link": "/apis/serving.knative.dev/v1/namespaces/673792121939/services/aviatar-euw3-sensor-service-02-test",
                "uid": "258f3bd8-9d2f-4346-8ac6-6bbf1c0314f6"
              }
            ],
            "name": "aviatar-euw3-sensor-service-02-test",
            "project": "stately-diagram-370913",
            "status": [
              {
                "conditions": [
                  {
                    "message": "",
                    "reason": "",
                    "status": "True",
                    "type": "Ready"
                  },
                  {
                    "message": "",
                    "reason": "",
                    "status": "True",
                    "type": "ConfigurationsReady"
                  },
                  {
                    "message": "",
                    "reason": "",
                    "status": "True",
                    "type": "RoutesReady"
                  }
                ],
                "latest_created_revision_name": "aviatar-euw3-sensor-service-02-test-g7m5d",
                "latest_ready_revision_name": "aviatar-euw3-sensor-service-02-test-g7m5d",
                "observed_generation": 1,
                "url": "https://aviatar-euw3-sensor-service-02-test-zizwmyftbq-ey.a.run.app"
              }
            ],
            "template": [
              {
                "metadata": [
                  {
                    "annotations": {
                      "autoscaling.knative.dev/maxScale": "100"
                    },
                    "generation": 0,
                    "labels": {},
                    "name": "",
                    "namespace": "",
                    "resource_version": "",
                    "self_link": "",
                    "uid": ""
                  }
                ],
                "spec": [
                  {
                    "container_concurrency": 80,
                    "containers": [
                      {
                        "args": [],
                        "command": [],
                        "env": [
                          {
                            "name": "SENSOR_ID",
                            "value": "sensor-2",
                            "value_from": []
                          },
                          {
                            "name": "TOPIC_PATH",
                            "value": "projects/stately-diagram-370913/topics/sensor-data",
                            "value_from": []
                          }
                        ],
                        "env_from": [],
                        "image": "europe-west3-docker.pkg.dev/stately-diagram-370913/aviatar-euw3-ar-images/sensor-service:latest",
                        "ports": [
                          {
                            "container_port": 8080,
                            "name": "http1",
                            "protocol": ""
                          }
                        ],
                        "resources": [
                          {
                            "limits": {
                              "cpu": "1000m",
                              "memory": "512Mi"
                            },
                            "requests": {}
                          }
                        ],
                        "volume_mounts": [],
                        "working_dir": ""
                      }
                    ],
                    "service_account_name": "tf-serviceaccount@stately-diagram-370913.iam.gserviceaccount.com",
                    "serving_state": "",
                    "timeout_seconds": 300,
                    "volumes": []
                  }
                ]
              }
            ],
            "timeouts": null,
            "traffic": [
              {
                "latest_revision": true,
                "percent": 100,
                "revision_name": "",
                "tag": "",
                "url": ""
              }
            ]
          },
          "sensitive_attributes": [],
          "private": "eyJlMmJmYjczMC1lY2FhLTExZTYtOGY4OC0zNDM2M2JjN2M0YzAiOnsiY3JlYXRlIjoxMjAwMDAwMDAwMDAwLCJkZWxldGUiOjEyMDAwMDAwMDAwMDAsInVwZGF0ZSI6MTIwMDAwMDAwMDAwMH0sInNjaGVtYV92ZXJzaW9uIjoiMSJ9"
        }
      ]
    }
  ],
  "check_results": null
}
