{
  "version": 4,
  "terraform_version": "1.3.6",
  "serial": 71,
  "lineage": "6154c3b7-6d1e-b0f2-b008-f96218b1b8c3",
  "outputs": {},
  "resources": [
    {
      "mode": "data",
      "type": "google_service_account_access_token",
      "name": "default",
      "provider": "provider[\"registry.terraform.io/hashicorp/google\"]",
      "instances": [
        {
          "schema_version": 0,
          "attributes": {
            "access_token": "ya29.c.b0Aa9Vdyn5cvdzwAQ1JYZIV6MQo2BCkoXGJSy-moE1jLpsaHGd0UAU6ZcPmJ97U6YVqsZ0XMvRP3KYR7XmiWdXBdtEwWqFZO7kYAKHH9cR4ZpiOmch03RB5kz_Ay_YApKhGNyRTpmC9KqCDkf1eF1xeYsOx_X_IN4dv2FYB69upadzLgGNnPix6IV2EGWfqELyEE7zSa6hzUCtkT7rfPwLTai3I16U-d4HBseZiEXur82R7GzQJT2QJF5HEPFe7_YXlPtqL2wk29uiTwHJfdHoIxnLQR0PjQJ5jM3DdXpTpF6OFXikKnpf-qRiE3bceG_cPog2olfP6vBPeeTZbVMlHvG3cWT_gpavU68JtK8g-bOoJwX_rJO_IaCskKKiViPjDHWmY6YhjF9SfPOA0V_nQucKU1kbj3_Ftx6HVHjh-V2x5got7D4dqKYTtKPYY0gKqeuxMasYM_H8vD2ssChs5Xi-LAIEupAdHwttWugH9Vjpt0Aw2g.....................................................................................................................................................................................................................................................................................................................................................................................................................................................................................................................................",
            "delegates": null,
            "id": "projects/-/serviceAccounts/tf-serviceaccount@stately-diagram-370913.iam.gserviceaccount.com",
            "lifetime": "300s",
            "scopes": [
              "cloud-platform",
              "userinfo-email"
            ],
            "target_service_account": "tf-serviceaccount@stately-diagram-370913.iam.gserviceaccount.com"
          },
          "sensitive_attributes": []
        }
      ]
    },
    {
      "module": "module.cloud_run",
      "mode": "managed",
      "type": "google_cloud_run_service",
      "name": "aviatar-euw3-sensor-service-01",
      "provider": "provider[\"registry.terraform.io/hashicorp/google\"]",
      "instances": [
        {
          "schema_version": 1,
          "attributes": {
            "autogenerate_revision_name": false,
            "id": "locations/europe-west3/namespaces/stately-diagram-370913/services/aviatar-euw3-sensor-service-01-test",
            "location": "europe-west3",
            "metadata": [
              {
                "annotations": {
                  "run.googleapis.com/ingress": "all",
                  "run.googleapis.com/ingress-status": "all",
                  "serving.knative.dev/creator": "mehmet@ugurgural.com",
                  "serving.knative.dev/lastModifier": "mehmet@ugurgural.com"
                },
                "generation": 1,
                "labels": {
                  "cloud.googleapis.com/location": "europe-west3"
                },
                "namespace": "stately-diagram-370913",
                "resource_version": "AAXvpyHASuk",
                "self_link": "/apis/serving.knative.dev/v1/namespaces/673792121939/services/aviatar-euw3-sensor-service-01-test",
                "uid": "4eb0dc57-2d0a-495f-b653-b5d4e40272e5"
              }
            ],
            "name": "aviatar-euw3-sensor-service-01-test",
            "project": "stately-diagram-370913",
            "status": [
              {
                "conditions": [
                  {
                    "message": "",
                    "reason": "",
                    "status": "True",
                    "type": "Ready"
                  },
                  {
                    "message": "",
                    "reason": "",
                    "status": "True",
                    "type": "ConfigurationsReady"
                  },
                  {
                    "message": "",
                    "reason": "",
                    "status": "True",
                    "type": "RoutesReady"
                  }
                ],
                "latest_created_revision_name": "aviatar-euw3-sensor-service-01-test-9vphp",
                "latest_ready_revision_name": "aviatar-euw3-sensor-service-01-test-9vphp",
                "observed_generation": 1,
                "url": "https://aviatar-euw3-sensor-service-01-test-zizwmyftbq-ey.a.run.app"
              }
            ],
            "template": [
              {
                "metadata": [
                  {
                    "annotations": {
                      "autoscaling.knative.dev/maxScale": "100"
                    },
                    "generation": 0,
                    "labels": {},
                    "name": "",
                    "namespace": "",
                    "resource_version": "",
                    "self_link": "",
                    "uid": ""
                  }
                ],
                "spec": [
                  {
                    "container_concurrency": 80,
                    "containers": [
                      {
                        "args": [],
                        "command": [],
                        "env": [
                          {
                            "name": "SENSOR_ID",
                            "value": "sensor-1",
                            "value_from": []
                          },
                          {
                            "name": "TOPIC_PATH",
                            "value": "projects/stately-diagram-370913/topics/sensor-data",
                            "value_from": []
                          }
                        ],
                        "env_from": [],
                        "image": "europe-west3-docker.pkg.dev/stately-diagram-370913/aviatar-euw3-ar-images/sensor-service:latest",
                        "ports": [
                          {
                            "container_port": 8080,
                            "name": "http1",
                            "protocol": ""
                          }
                        ],
                        "resources": [
                          {
                            "limits": {
                              "cpu": "1000m",
                              "memory": "512Mi"
                            },
                            "requests": {}
                          }
                        ],
                        "volume_mounts": [],
                        "working_dir": ""
                      }
                    ],
                    "service_account_name": "tf-serviceaccount@stately-diagram-370913.iam.gserviceaccount.com",
                    "serving_state": "",
                    "timeout_seconds": 300,
                    "volumes": []
                  }
                ]
              }
            ],
            "timeouts": null,
            "traffic": [
              {
                "latest_revision": true,
                "percent": 100,
                "revision_name": "",
                "tag": "",
                "url": ""
              }
            ]
          },
          "sensitive_attributes": [],
          "private": "eyJlMmJmYjczMC1lY2FhLTExZTYtOGY4OC0zNDM2M2JjN2M0YzAiOnsiY3JlYXRlIjoxMjAwMDAwMDAwMDAwLCJkZWxldGUiOjEyMDAwMDAwMDAwMDAsInVwZGF0ZSI6MTIwMDAwMDAwMDAwMH0sInNjaGVtYV92ZXJzaW9uIjoiMSJ9"
        }
      ]
    },
    {
      "module": "module.cloud_run",
      "mode": "managed",
      "type": "google_cloud_run_service",
      "name": "aviatar-euw3-sensor-service-02",
      "provider": "provider[\"registry.terraform.io/hashicorp/google\"]",
      "instances": [
        {
          "schema_version": 1,
          "attributes": {
            "autogenerate_revision_name": false,
            "id": "locations/europe-west3/namespaces/stately-diagram-370913/services/aviatar-euw3-sensor-service-02-test",
            "location": "europe-west3",
            "metadata": [
              {
                "annotations": {
                  "run.googleapis.com/ingress": "all",
                  "run.googleapis.com/ingress-status": "all",
                  "serving.knative.dev/creator": "mehmet@ugurgural.com",
                  "serving.knative.dev/lastModifier": "mehmet@ugurgural.com"
                },
                "generation": 1,
                "labels": {
                  "cloud.googleapis.com/location": "europe-west3"
                },
                "namespace": "stately-diagram-370913",
                "resource_version": "AAXvpyHBF2I",
                "self_link": "/apis/serving.knative.dev/v1/namespaces/673792121939/services/aviatar-euw3-sensor-service-02-test",
                "uid": "258f3bd8-9d2f-4346-8ac6-6bbf1c0314f6"
              }
            ],
            "name": "aviatar-euw3-sensor-service-02-test",
            "project": "stately-diagram-370913",
            "status": [
              {
                "conditions": [
                  {
                    "message": "",
                    "reason": "",
                    "status": "True",
                    "type": "Ready"
                  },
                  {
                    "message": "",
                    "reason": "",
                    "status": "True",
                    "type": "ConfigurationsReady"
                  },
                  {
                    "message": "",
                    "reason": "",
                    "status": "True",
                    "type": "RoutesReady"
                  }
                ],
                "latest_created_revision_name": "aviatar-euw3-sensor-service-02-test-g7m5d",
                "latest_ready_revision_name": "aviatar-euw3-sensor-service-02-test-g7m5d",
                "observed_generation": 1,
                "url": "https://aviatar-euw3-sensor-service-02-test-zizwmyftbq-ey.a.run.app"
              }
            ],
            "template": [
              {
                "metadata": [
                  {
                    "annotations": {
                      "autoscaling.knative.dev/maxScale": "100"
                    },
                    "generation": 0,
                    "labels": {},
                    "name": "",
                    "namespace": "",
                    "resource_version": "",
                    "self_link": "",
                    "uid": ""
                  }
                ],
                "spec": [
                  {
                    "container_concurrency": 80,
                    "containers": [
                      {
                        "args": [],
                        "command": [],
                        "env": [
                          {
                            "name": "SENSOR_ID",
                            "value": "sensor-2",
                            "value_from": []
                          },
                          {
                            "name": "TOPIC_PATH",
                            "value": "projects/stately-diagram-370913/topics/sensor-data",
                            "value_from": []
                          }
                        ],
                        "env_from": [],
                        "image": "europe-west3-docker.pkg.dev/stately-diagram-370913/aviatar-euw3-ar-images/sensor-service:latest",
                        "ports": [
                          {
                            "container_port": 8080,
                            "name": "http1",
                            "protocol": ""
                          }
                        ],
                        "resources": [
                          {
                            "limits": {
                              "cpu": "1000m",
                              "memory": "512Mi"
                            },
                            "requests": {}
                          }
                        ],
                        "volume_mounts": [],
                        "working_dir": ""
                      }
                    ],
                    "service_account_name": "tf-serviceaccount@stately-diagram-370913.iam.gserviceaccount.com",
                    "serving_state": "",
                    "timeout_seconds": 300,
                    "volumes": []
                  }
                ]
              }
            ],
            "timeouts": null,
            "traffic": [
              {
                "latest_revision": true,
                "percent": 100,
                "revision_name": "",
                "tag": "",
                "url": ""
              }
            ]
          },
          "sensitive_attributes": [],
          "private": "eyJlMmJmYjczMC1lY2FhLTExZTYtOGY4OC0zNDM2M2JjN2M0YzAiOnsiY3JlYXRlIjoxMjAwMDAwMDAwMDAwLCJkZWxldGUiOjEyMDAwMDAwMDAwMDAsInVwZGF0ZSI6MTIwMDAwMDAwMDAwMH0sInNjaGVtYV92ZXJzaW9uIjoiMSJ9"
        }
      ]
    },
    {
      "module": "module.cloud_scheduler",
      "mode": "managed",
      "type": "google_cloud_scheduler_job",
      "name": "aviatar-euw3-sensor-scheduler-01",
      "provider": "provider[\"registry.terraform.io/hashicorp/google\"]",
      "instances": [
        {
          "schema_version": 0,
          "attributes": {
            "app_engine_http_target": [],
            "attempt_deadline": "320s",
            "description": "",
            "http_target": [
              {
                "body": "",
                "headers": null,
                "http_method": "GET",
                "oauth_token": [],
                "oidc_token": [],
                "uri": "https://aviatar-euw3-sensor-service-01-test-zizwmyftbq-ey.a.run.app/send_report"
              }
            ],
            "id": "projects/stately-diagram-370913/locations/europe-west3/jobs/aviatar-euw3-sensor-scheduler-01-test",
            "name": "aviatar-euw3-sensor-scheduler-01-test",
            "paused": false,
            "project": "stately-diagram-370913",
            "pubsub_target": [],
            "region": "europe-west3",
            "retry_config": [
              {
                "max_backoff_duration": "3600s",
                "max_doublings": 5,
                "max_retry_duration": "0s",
                "min_backoff_duration": "5s",
                "retry_count": 1
              }
            ],
            "schedule": "*/5 * * * *",
            "state": "ENABLED",
            "time_zone": "Europe/Berlin",
            "timeouts": null
          },
          "sensitive_attributes": [],
          "private": "eyJlMmJmYjczMC1lY2FhLTExZTYtOGY4OC0zNDM2M2JjN2M0YzAiOnsiY3JlYXRlIjoxMjAwMDAwMDAwMDAwLCJkZWxldGUiOjEyMDAwMDAwMDAwMDAsInVwZGF0ZSI6MTIwMDAwMDAwMDAwMH19",
          "dependencies": [
            "module.cloud_run.google_cloud_run_service.aviatar-euw3-sensor-service-01"
          ]
        }
      ]
    },
    {
      "module": "module.cloud_scheduler",
      "mode": "managed",
      "type": "google_cloud_scheduler_job",
      "name": "aviatar-euw3-sensor-scheduler-02",
      "provider": "provider[\"registry.terraform.io/hashicorp/google\"]",
      "instances": [
        {
          "schema_version": 0,
          "attributes": {
            "app_engine_http_target": [],
            "attempt_deadline": "320s",
            "description": "",
            "http_target": [
              {
                "body": "",
                "headers": null,
                "http_method": "GET",
                "oauth_token": [],
                "oidc_token": [],
                "uri": "https://aviatar-euw3-sensor-service-02-test-zizwmyftbq-ey.a.run.app/send_report"
              }
            ],
            "id": "projects/stately-diagram-370913/locations/europe-west3/jobs/aviatar-euw3-sensor-scheduler-02-test",
            "name": "aviatar-euw3-sensor-scheduler-02-test",
            "paused": false,
            "project": "stately-diagram-370913",
            "pubsub_target": [],
            "region": "europe-west3",
            "retry_config": [
              {
                "max_backoff_duration": "3600s",
                "max_doublings": 5,
                "max_retry_duration": "0s",
                "min_backoff_duration": "5s",
                "retry_count": 1
              }
            ],
            "schedule": "*/5 * * * *",
            "state": "ENABLED",
            "time_zone": "Europe/Berlin",
            "timeouts": null
          },
          "sensitive_attributes": [],
          "private": "eyJlMmJmYjczMC1lY2FhLTExZTYtOGY4OC0zNDM2M2JjN2M0YzAiOnsiY3JlYXRlIjoxMjAwMDAwMDAwMDAwLCJkZWxldGUiOjEyMDAwMDAwMDAwMDAsInVwZGF0ZSI6MTIwMDAwMDAwMDAwMH19",
          "dependencies": [
            "module.cloud_run.google_cloud_run_service.aviatar-euw3-sensor-service-02"
          ]
        }
      ]
    }
  ],
  "check_results": null
}
