{
  "version": 4,
  "terraform_version": "1.3.6",
  "serial": 36,
  "lineage": "6154c3b7-6d1e-b0f2-b008-f96218b1b8c3",
  "outputs": {},
  "resources": [
    {
      "mode": "data",
      "type": "google_service_account_access_token",
      "name": "default",
      "provider": "provider[\"registry.terraform.io/hashicorp/google\"]",
      "instances": [
        {
          "schema_version": 0,
          "attributes": {
            "access_token": "ya29.c.b0Aa9Vdykawzutk6RADLQsrSKoqmYiM5dJyA4BSWlyOVaIZL6czBWV00YPkqv9ZGK8CG-jSlucNJCbCVuWgQa2n5UGkBx_bvCn8urjI4XWvHqqp-sLGoVmyncVNgO3Suj41a33a0BjUjMLpUFGtsdnDxZns8EYCi4JGfK1TgO_hg0Tw1P6Jc34xQo0nupC_XVk9BbMYsDEPrunD86_1SyUJCzqy1ENGPrUjc3Mi_IBl5ipHoTlvFtjTKJ9Y_FnJtZOZytROJ3YI-qn0ofciCVzMXMf_607-zcz7JBPsT90DSDf5j3fT6pjID3Pf9qx0twTTzxBCjZieUnNUX0JHCL7O2I9SC2YW_wxEp_CNuI0T8KPRinNndDkRw-wyyOyEdsJOEI_tOlZGh8xBaVIhV7OgM2OoOvYf50UYbyBSDUb_gtlBiNY1vklb3glejhcFoUp4kY8zIo7fPhnFW6lfpCb76NM8uV2fX3fTZR13or1q_64w29lAgc....................................................................................................................................................................................................................................................................................................................................................................................................................................................................................................................................",
            "delegates": null,
            "id": "projects/-/serviceAccounts/tf-serviceaccount@stately-diagram-370913.iam.gserviceaccount.com",
            "lifetime": "300s",
            "scopes": [
              "cloud-platform",
              "userinfo-email"
            ],
            "target_service_account": "tf-serviceaccount@stately-diagram-370913.iam.gserviceaccount.com"
          },
          "sensitive_attributes": []
        }
      ]
    },
    {
      "module": "module.cloud_run",
      "mode": "managed",
      "type": "google_cloud_run_service",
      "name": "aviatar-euw3-sensor-service-02",
      "provider": "provider[\"registry.terraform.io/hashicorp/google\"]",
      "instances": [
        {
          "schema_version": 1,
          "attributes": {
            "autogenerate_revision_name": false,
            "id": "locations/europe-west3/namespaces/stately-diagram-370913/services/aviatar-euw3-sensor-service-02",
            "location": "europe-west3",
            "metadata": [
              {
                "annotations": {
                  "run.googleapis.com/ingress": "all",
                  "run.googleapis.com/ingress-status": "all",
                  "serving.knative.dev/creator": "mehmet@ugurgural.com",
                  "serving.knative.dev/lastModifier": "mehmet@ugurgural.com"
                },
                "generation": 1,
                "labels": {
                  "cloud.googleapis.com/location": "europe-west3"
                },
                "namespace": "stately-diagram-370913",
                "resource_version": "AAXvlEJznaY",
                "self_link": "/apis/serving.knative.dev/v1/namespaces/673792121939/services/aviatar-euw3-sensor-service-02",
                "uid": "95a92dc5-e581-4346-a105-b1d66dbd749a"
              }
            ],
            "name": "aviatar-euw3-sensor-service-02",
            "project": "stately-diagram-370913",
            "status": [
              {
                "conditions": [
                  {
                    "message": "",
                    "reason": "",
                    "status": "True",
                    "type": "Ready"
                  },
                  {
                    "message": "",
                    "reason": "",
                    "status": "True",
                    "type": "ConfigurationsReady"
                  },
                  {
                    "message": "",
                    "reason": "",
                    "status": "True",
                    "type": "RoutesReady"
                  }
                ],
                "latest_created_revision_name": "aviatar-euw3-sensor-service-02-fvqfr",
                "latest_ready_revision_name": "aviatar-euw3-sensor-service-02-fvqfr",
                "observed_generation": 1,
                "url": "https://aviatar-euw3-sensor-service-02-zizwmyftbq-ey.a.run.app"
              }
            ],
            "template": [
              {
                "metadata": [
                  {
                    "annotations": {
                      "autoscaling.knative.dev/maxScale": "100"
                    },
                    "generation": 0,
                    "labels": {},
                    "name": "",
                    "namespace": "",
                    "resource_version": "",
                    "self_link": "",
                    "uid": ""
                  }
                ],
                "spec": [
                  {
                    "container_concurrency": 80,
                    "containers": [
                      {
                        "args": null,
                        "command": null,
                        "env": [
                          {
                            "name": "SENSOR_ID",
                            "value": "sensor-2",
                            "value_from": []
                          },
                          {
                            "name": "TOPIC_PATH",
                            "value": "projects/stately-diagram-370913/topics/sensor-data",
                            "value_from": []
                          }
                        ],
                        "env_from": [],
                        "image": "europe-west3-docker.pkg.dev/stately-diagram-370913/aviatar-euw3-ar-images/sensor-service:latest",
                        "ports": [
                          {
                            "container_port": 8080,
                            "name": "http1",
                            "protocol": ""
                          }
                        ],
                        "resources": [
                          {
                            "limits": {
                              "cpu": "1000m",
                              "memory": "512Mi"
                            },
                            "requests": {}
                          }
                        ],
                        "volume_mounts": [],
                        "working_dir": ""
                      }
                    ],
                    "service_account_name": "tf-serviceaccount@stately-diagram-370913.iam.gserviceaccount.com",
                    "serving_state": "",
                    "timeout_seconds": 300,
                    "volumes": []
                  }
                ]
              }
            ],
            "timeouts": null,
            "traffic": [
              {
                "latest_revision": true,
                "percent": 100,
                "revision_name": "",
                "tag": "",
                "url": ""
              }
            ]
          },
          "sensitive_attributes": [],
          "private": "eyJlMmJmYjczMC1lY2FhLTExZTYtOGY4OC0zNDM2M2JjN2M0YzAiOnsiY3JlYXRlIjoxMjAwMDAwMDAwMDAwLCJkZWxldGUiOjEyMDAwMDAwMDAwMDAsInVwZGF0ZSI6MTIwMDAwMDAwMDAwMH0sInNjaGVtYV92ZXJzaW9uIjoiMSJ9"
        }
      ]
    }
  ],
  "check_results": null
}
